
Microsoft Visual Studio Solution File, Format Version 12.00
Project("{FAE04EC0-301F-11D3-BF4B-00C04F79EFBC}") = "FantomWasm", "FantomWasm\FantomWasm.csproj", "{01BD13DC-9764-45C1-96E3-908CA795B2D1}"
EndProject
Project("{FAE04EC0-301F-11D3-BF4B-00C04F79EFBC}") = "MermaidJS.Blazor", "MermaidJS.Blazor\src\MermaidJS.Blazor\MermaidJS.Blazor.csproj", "{A959DC2C-B9AF-41EA-A578-612387B13ADA}"
EndProject
Global
	GlobalSection(SolutionConfigurationPlatforms) = preSolution
		Debug|Any CPU = Debug|Any CPU
		Release|Any CPU = Release|Any CPU
	EndGlobalSection
	GlobalSection(ProjectConfigurationPlatforms) = postSolution
		{01BD13DC-9764-45C1-96E3-908CA795B2D1}.Debug|Any CPU.ActiveCfg = Debug|Any CPU
		{01BD13DC-9764-45C1-96E3-908CA795B2D1}.Debug|Any CPU.Build.0 = Debug|Any CPU
		{01BD13DC-9764-45C1-96E3-908CA795B2D1}.Release|Any CPU.ActiveCfg = Release|Any CPU
		{01BD13DC-9764-45C1-96E3-908CA795B2D1}.Release|Any CPU.Build.0 = Release|Any CPU
		{A959DC2C-B9AF-41EA-A578-612387B13ADA}.Debug|Any CPU.ActiveCfg = Debug|Any CPU
		{A959DC2C-B9AF-41EA-A578-612387B13ADA}.Debug|Any CPU.Build.0 = Debug|Any CPU
		{A959DC2C-B9AF-41EA-A578-612387B13ADA}.Release|Any CPU.ActiveCfg = Release|Any CPU
		{A959DC2C-B9AF-41EA-A578-612387B13ADA}.Release|Any CPU.Build.0 = Release|Any CPU
	EndGlobalSection
EndGlobal
